PODS:
  - Bolts (1.2.2):
    - Bolts/AppLinks (= 1.2.2)
    - Bolts/Tasks (= 1.2.2)
  - Bolts/AppLinks (1.2.2):
    - Bolts/Tasks
  - Bolts/Tasks (1.2.2)
  - Cartography (0.5.0)
  - FBSDKCoreKit (4.6.0):
    - Bolts (~> 1.1)
    - FBSDKCoreKit/arc (= 4.6.0)
    - FBSDKCoreKit/no-arc (= 4.6.0)
  - FBSDKCoreKit/arc (4.6.0):
    - Bolts (~> 1.1)
  - FBSDKCoreKit/no-arc (4.6.0):
    - Bolts (~> 1.1)
    - FBSDKCoreKit/arc
  - FBSDKLoginKit (4.6.0):
    - FBSDKCoreKit
  - ZipArchive (1.4.0)
  - zipzap (8.0.4)

DEPENDENCIES:
  - Cartography (from `git@github.com:robb/Cartography.git`, branch `0.6-development`)
  - FBSDKCoreKit
  - FBSDKLoginKit
  - ZipArchive
  - zipzap

EXTERNAL SOURCES:
  Cartography:
    :branch: 0.6-development
    :git: git@github.com:robb/Cartography.git

CHECKOUT OPTIONS:
  Cartography:
    :commit: bf14cf5ad7276a1659cfa2ddd1a7811b4431f535
    :git: git@github.com:robb/Cartography.git

SPEC CHECKSUMS:
  Bolts: 20a2bd788273360cb1e31530dc19b8544eef2544
  Cartography: 314f5ed1495995760487161eeb7a8a0940d88ad3
  FBSDKCoreKit: 9954492d90c5fd65ae831395697a1660360d61f1
  FBSDKLoginKit: 3d07febbfa884b9878cacba54f705bb41f07d4b6
  ZipArchive: e25a4373192673e3229ac8d6e9f64a3e5713c966
  zipzap: 45be5e182aead61fbb8300ddb4766f8e82a557c4

COCOAPODS: 0.38.2
